
Microsoft Visual Studio Solution File, Format Version 12.00
# Visual Studio Version 17
VisualStudioVersion = 17.5.002.0
MinimumVisualStudioVersion = 10.0.40219.1
Project("{FAE04EC0-301F-11D3-BF4B-00C04F79EFBC}") = "Domain", "..\Domain\Domain.csproj", "{FA9661BE-276E-4646-9DA3-F3521623BEB8}"
EndProject
Project("{FAE04EC0-301F-11D3-BF4B-00C04F79EFBC}") = "Infrastructure", "..\Infrastructure\Infrastructure.csproj", "{198FB2E1-F4AA-4C0C-B021-FE39EB569978}"
EndProject
Project("{FAE04EC0-301F-11D3-BF4B-00C04F79EFBC}") = "Application", "..\Application\Application.csproj", "{9ED617F3-B942-458B-A493-03E0B54F2AAC}"
EndProject
Project("{FAE04EC0-301F-11D3-BF4B-00C04F79EFBC}") = "Persistence", "..\Persistence\Persistence.csproj", "{F498C331-1EE2-40C1-8686-E3EA60A264BC}"
EndProject
Project("{FAE04EC0-301F-11D3-BF4B-00C04F79EFBC}") = "WhatsAppMessageScheduler.API", "..\WhatsAppMessageScheduler.API\WhatsAppMessageScheduler.API.csproj", "{95BD1FA4-63C3-4BD9-9DE3-A49A50398C34}"
EndProject
Global
	GlobalSection(SolutionConfigurationPlatforms) = preSolution
		Debug|Any CPU = Debug|Any CPU
		Release|Any CPU = Release|Any CPU
	EndGlobalSection
	GlobalSection(ProjectConfigurationPlatforms) = postSolution
		{FA9661BE-276E-4646-9DA3-F3521623BEB8}.Debug|Any CPU.ActiveCfg = Debug|Any CPU
		{FA9661BE-276E-4646-9DA3-F3521623BEB8}.Debug|Any CPU.Build.0 = Debug|Any CPU
		{FA9661BE-276E-4646-9DA3-F3521623BEB8}.Release|Any CPU.ActiveCfg = Release|Any CPU
		{FA9661BE-276E-4646-9DA3-F3521623BEB8}.Release|Any CPU.Build.0 = Release|Any CPU
		{198FB2E1-F4AA-4C0C-B021-FE39EB569978}.Debug|Any CPU.ActiveCfg = Debug|Any CPU
		{198FB2E1-F4AA-4C0C-B021-FE39EB569978}.Debug|Any CPU.Build.0 = Debug|Any CPU
		{198FB2E1-F4AA-4C0C-B021-FE39EB569978}.Release|Any CPU.ActiveCfg = Release|Any CPU
		{198FB2E1-F4AA-4C0C-B021-FE39EB569978}.Release|Any CPU.Build.0 = Release|Any CPU
		{9ED617F3-B942-458B-A493-03E0B54F2AAC}.Debug|Any CPU.ActiveCfg = Debug|Any CPU
		{9ED617F3-B942-458B-A493-03E0B54F2AAC}.Debug|Any CPU.Build.0 = Debug|Any CPU
		{9ED617F3-B942-458B-A493-03E0B54F2AAC}.Release|Any CPU.ActiveCfg = Release|Any CPU
		{9ED617F3-B942-458B-A493-03E0B54F2AAC}.Release|Any CPU.Build.0 = Release|Any CPU
		{F498C331-1EE2-40C1-8686-E3EA60A264BC}.Debug|Any CPU.ActiveCfg = Debug|Any CPU
		{F498C331-1EE2-40C1-8686-E3EA60A264BC}.Debug|Any CPU.Build.0 = Debug|Any CPU
		{F498C331-1EE2-40C1-8686-E3EA60A264BC}.Release|Any CPU.ActiveCfg = Release|Any CPU
		{F498C331-1EE2-40C1-8686-E3EA60A264BC}.Release|Any CPU.Build.0 = Release|Any CPU
		{95BD1FA4-63C3-4BD9-9DE3-A49A50398C34}.Debug|Any CPU.ActiveCfg = Debug|Any CPU
		{95BD1FA4-63C3-4BD9-9DE3-A49A50398C34}.Debug|Any CPU.Build.0 = Debug|Any CPU
		{95BD1FA4-63C3-4BD9-9DE3-A49A50398C34}.Release|Any CPU.ActiveCfg = Release|Any CPU
		{95BD1FA4-63C3-4BD9-9DE3-A49A50398C34}.Release|Any CPU.Build.0 = Release|Any CPU
	EndGlobalSection
	GlobalSection(SolutionProperties) = preSolution
		HideSolutionNode = FALSE
	EndGlobalSection
	GlobalSection(ExtensibilityGlobals) = postSolution
		SolutionGuid = {9CAD377D-692F-4F25-9E78-3A33DC675F6E}
	EndGlobalSection
EndGlobal
